
Microsoft Visual Studio Solution File, Format Version 12.00
# Visual Studio 15
VisualStudioVersion = 15.0.28307.329
MinimumVisualStudioVersion = 10.0.40219.1
Project("{FAE04EC0-301F-11D3-BF4B-00C04F79EFBC}") = "AirExplorer", "AirExplorer\AirExplorer.csproj", "{530E678F-70FB-4428-8BC4-7065DFA00688}"
EndProject
Global
	GlobalSection(SolutionConfigurationPlatforms) = preSolution
		Debug|Any CPU = Debug|Any CPU
		Release|Any CPU = Release|Any CPU
	EndGlobalSection
	GlobalSection(ProjectConfigurationPlatforms) = postSolution
		{530E678F-70FB-4428-8BC4-7065DFA00688}.Debug|Any CPU.ActiveCfg = Debug|Any CPU
		{530E678F-70FB-4428-8BC4-7065DFA00688}.Debug|Any CPU.Build.0 = Debug|Any CPU
		{530E678F-70FB-4428-8BC4-7065DFA00688}.Release|Any CPU.ActiveCfg = Release|Any CPU
		{530E678F-70FB-4428-8BC4-7065DFA00688}.Release|Any CPU.Build.0 = Release|Any CPU
	EndGlobalSection
	GlobalSection(SolutionProperties) = preSolution
		HideSolutionNode = FALSE
	EndGlobalSection
	GlobalSection(ExtensibilityGlobals) = postSolution
		SolutionGuid = {09EA16F8-2951-4EA3-802D-331FC269D9F2}
	EndGlobalSection
EndGlobal
